{
  "pins" : [
    {
      "identity" : "keyboardkit",
      "kind" : "remoteSourceControl",
      "location" : "https://github.com/KeyboardKit/KeyboardKit.git",
      "state" : {
        "revision" : "034407a7e44da29d1a15a9329357c978d719d9d6",
        "version" : "8.2.0"
      }
    }
  ],
  "version" : 2
}
