{
  "pins" : [
    {
      "identity" : "keyboardkit",
      "kind" : "remoteSourceControl",
      "location" : "https://github.com/KeyboardKit/KeyboardKit.git",
      "state" : {
        "revision" : "f5e6c5166feb785010f854437e367a40353c0f53",
        "version" : "6.9.10"
      }
    }
  ],
  "version" : 2
}
