{
  "pins" : [
    {
      "identity" : "keyboardkit",
      "kind" : "remoteSourceControl",
      "location" : "https://github.com/KeyboardKit/KeyboardKit.git",
      "state" : {
        "revision" : "d3a0260fe6d176a31afb9dbc420153781dbee24f",
        "version" : "8.2.1"
      }
    }
  ],
  "version" : 2
}
